
Microsoft Visual Studio Solution File, Format Version 12.00
# Visual Studio Version 17
VisualStudioVersion = 17.1.32414.318
MinimumVisualStudioVersion = 10.0.40219.1
Project("{9A19103F-16F7-4668-BE54-9A1E7A4F7556}") = "QOISharp", "QOISharp\QOISharp.csproj", "{11E7B58F-A17E-4736-BFCC-781497BAFFF9}"
EndProject
Project("{9A19103F-16F7-4668-BE54-9A1E7A4F7556}") = "QOISharp.Tests", "QOISharp.Tests\QOISharp.Tests.csproj", "{1EE6BE97-9CC9-4B3A-80B0-08F01E841AFD}"
EndProject
Project("{FAE04EC0-301F-11D3-BF4B-00C04F79EFBC}") = "QOISharp.CLI", "QOISharp.CLI\QOISharp.CLI.csproj", "{C32554CB-01D5-4106-8460-2A302EF1D92A}"
EndProject
Project("{FAE04EC0-301F-11D3-BF4B-00C04F79EFBC}") = "QOISharp.Benchmarks", "QOISharp.Benchmarks\QOISharp.Benchmarks.csproj", "{CE6D47E6-5CAB-44AC-9855-F43380A8D507}"
EndProject
Global
	GlobalSection(SolutionConfigurationPlatforms) = preSolution
		Debug|Any CPU = Debug|Any CPU
		Release|Any CPU = Release|Any CPU
	EndGlobalSection
	GlobalSection(ProjectConfigurationPlatforms) = postSolution
		{11E7B58F-A17E-4736-BFCC-781497BAFFF9}.Debug|Any CPU.ActiveCfg = Debug|Any CPU
		{11E7B58F-A17E-4736-BFCC-781497BAFFF9}.Debug|Any CPU.Build.0 = Debug|Any CPU
		{11E7B58F-A17E-4736-BFCC-781497BAFFF9}.Release|Any CPU.ActiveCfg = Release|Any CPU
		{11E7B58F-A17E-4736-BFCC-781497BAFFF9}.Release|Any CPU.Build.0 = Release|Any CPU
		{1EE6BE97-9CC9-4B3A-80B0-08F01E841AFD}.Debug|Any CPU.ActiveCfg = Debug|Any CPU
		{1EE6BE97-9CC9-4B3A-80B0-08F01E841AFD}.Debug|Any CPU.Build.0 = Debug|Any CPU
		{1EE6BE97-9CC9-4B3A-80B0-08F01E841AFD}.Release|Any CPU.ActiveCfg = Release|Any CPU
		{1EE6BE97-9CC9-4B3A-80B0-08F01E841AFD}.Release|Any CPU.Build.0 = Release|Any CPU
		{C32554CB-01D5-4106-8460-2A302EF1D92A}.Debug|Any CPU.ActiveCfg = Debug|Any CPU
		{C32554CB-01D5-4106-8460-2A302EF1D92A}.Debug|Any CPU.Build.0 = Debug|Any CPU
		{C32554CB-01D5-4106-8460-2A302EF1D92A}.Release|Any CPU.ActiveCfg = Release|Any CPU
		{C32554CB-01D5-4106-8460-2A302EF1D92A}.Release|Any CPU.Build.0 = Release|Any CPU
		{CE6D47E6-5CAB-44AC-9855-F43380A8D507}.Debug|Any CPU.ActiveCfg = Debug|Any CPU
		{CE6D47E6-5CAB-44AC-9855-F43380A8D507}.Debug|Any CPU.Build.0 = Debug|Any CPU
		{CE6D47E6-5CAB-44AC-9855-F43380A8D507}.Release|Any CPU.ActiveCfg = Release|Any CPU
		{CE6D47E6-5CAB-44AC-9855-F43380A8D507}.Release|Any CPU.Build.0 = Release|Any CPU
	EndGlobalSection
	GlobalSection(SolutionProperties) = preSolution
		HideSolutionNode = FALSE
	EndGlobalSection
	GlobalSection(ExtensibilityGlobals) = postSolution
		SolutionGuid = {168184D8-C3A2-4428-9D2B-37026E2BFD83}
	EndGlobalSection
EndGlobal
